// !$*UTF8*$!
{
	archiveVersion = 1;
	classes = {
	};
	objectVersion = 55;
	objects = {

/* Begin PBXBuildFile section */
		65B588BF28164BE60059F040 /* AppDelegate.swift in Sources */ = {isa = PBXBuildFile; fileRef = 65B588BE28164BE60059F040 /* AppDelegate.swift */; };
		65B588C128164BE60059F040 /* SceneDelegate.swift in Sources */ = {isa = PBXBuildFile; fileRef = 65B588C028164BE60059F040 /* SceneDelegate.swift */; };
		65B588C328164BE60059F040 /* ViewController.swift in Sources */ = {isa = PBXBuildFile; fileRef = 65B588C228164BE60059F040 /* ViewController.swift */; };
		65B588C628164BE60059F040 /* Main.storyboard in Resources */ = {isa = PBXBuildFile; fileRef = 65B588C428164BE60059F040 /* Main.storyboard */; };
		65B588C828164BE70059F040 /* Assets.xcassets in Resources */ = {isa = PBXBuildFile; fileRef = 65B588C728164BE70059F040 /* Assets.xcassets */; };
		65B588CB28164BE70059F040 /* LaunchScreen.storyboard in Resources */ = {isa = PBXBuildFile; fileRef = 65B588C928164BE70059F040 /* LaunchScreen.storyboard */; };
		65B588D628164BE70059F040 /* Swift220425Tests.swift in Sources */ = {isa = PBXBuildFile; fileRef = 65B588D528164BE70059F040 /* Swift220425Tests.swift */; };
		65B588E028164BE70059F040 /* Swift220425UITests.swift in Sources */ = {isa = PBXBuildFile; fileRef = 65B588DF28164BE70059F040 /* Swift220425UITests.swift */; };
		65B588E228164BE70059F040 /* Swift220425UITestsLaunchTests.swift in Sources */ = {isa = PBXBuildFile; fileRef = 65B588E128164BE70059F040 /* Swift220425UITestsLaunchTests.swift */; };
/* End PBXBuildFile section */

/* Begin PBXContainerItemProxy section */
		65B588D228164BE70059F040 /* PBXContainerItemProxy */ = {
			isa = PBXContainerItemProxy;
			containerPortal = 65B588B328164BE60059F040 /* Project object */;
			proxyType = 1;
			remoteGlobalIDString = 65B588BA28164BE60059F040;
			remoteInfo = Swift220425;
		};
		65B588DC28164BE70059F040 /* PBXContainerItemProxy */ = {
			isa = PBXContainerItemProxy;
			containerPortal = 65B588B328164BE60059F040 /* Project object */;
			proxyType = 1;
			remoteGlobalIDString = 65B588BA28164BE60059F040;
			remoteInfo = Swift220425;
		};
/* End PBXContainerItemProxy section */

/* Begin PBXFileReference section */
		65B588BB28164BE60059F040 /* Swift220425.app */ = {isa = PBXFileReference; explicitFileType = wrapper.application; includeInIndex = 0; path = Swift220425.app; sourceTree = BUILT_PRODUCTS_DIR; };
		65B588BE28164BE60059F040 /* AppDelegate.swift */ = {isa = PBXFileReference; lastKnownFileType = sourcecode.swift; path = AppDelegate.swift; sourceTree = "<group>"; };
		65B588C028164BE60059F040 /* SceneDelegate.swift */ = {isa = PBXFileReference; lastKnownFileType = sourcecode.swift; path = SceneDelegate.swift; sourceTree = "<group>"; };
		65B588C228164BE60059F040 /* ViewController.swift */ = {isa = PBXFileReference; lastKnownFileType = sourcecode.swift; path = ViewController.swift; sourceTree = "<group>"; };
		65B588C528164BE60059F040 /* Base */ = {isa = PBXFileReference; lastKnownFileType = file.storyboard; name = Base; path = Base.lproj/Main.storyboard; sourceTree = "<group>"; };
		65B588C728164BE70059F040 /* Assets.xcassets */ = {isa = PBXFileReference; lastKnownFileType = folder.assetcatalog; path = Assets.xcassets; sourceTree = "<group>"; };
		65B588CA28164BE70059F040 /* Base */ = {isa = PBXFileReference; lastKnownFileType = file.storyboard; name = Base; path = Base.lproj/LaunchScreen.storyboard; sourceTree = "<group>"; };
		65B588CC28164BE70059F040 /* Info.plist */ = {isa = PBXFileReference; lastKnownFileType = text.plist.xml; path = Info.plist; sourceTree = "<group>"; };
		65B588D128164BE70059F040 /* Swift220425Tests.xctest */ = {isa = PBXFileReference; explicitFileType = wrapper.cfbundle; includeInIndex = 0; path = Swift220425Tests.xctest; sourceTree = BUILT_PRODUCTS_DIR; };
		65B588D528164BE70059F040 /* Swift220425Tests.swift */ = {isa = PBXFileReference; lastKnownFileType = sourcecode.swift; path = Swift220425Tests.swift; sourceTree = "<group>"; };
		65B588DB28164BE70059F040 /* Swift220425UITests.xctest */ = {isa = PBXFileReference; explicitFileType = wrapper.cfbundle; includeInIndex = 0; path = Swift220425UITests.xctest; sourceTree = BUILT_PRODUCTS_DIR; };
		65B588DF28164BE70059F040 /* Swift220425UITests.swift */ = {isa = PBXFileReference; lastKnownFileType = sourcecode.swift; path = Swift220425UITests.swift; sourceTree = "<group>"; };
		65B588E128164BE70059F040 /* Swift220425UITestsLaunchTests.swift */ = {isa = PBXFileReference; lastKnownFileType = sourcecode.swift; path = Swift220425UITestsLaunchTests.swift; sourceTree = "<group>"; };
/* End PBXFileReference section */

/* Begin PBXFrameworksBuildPhase section */
		65B588B828164BE60059F040 /* Frameworks */ = {
			isa = PBXFrameworksBuildPhase;
			buildActionMask = 2147483647;
			files = (
			);
			runOnlyForDeploymentPostprocessing = 0;
		};
		65B588CE28164BE70059F040 /* Frameworks */ = {
			isa = PBXFrameworksBuildPhase;
			buildActionMask = 2147483647;
			files = (
			);
			runOnlyForDeploymentPostprocessing = 0;
		};
		65B588D828164BE70059F040 /* Frameworks */ = {
			isa = PBXFrameworksBuildPhase;
			buildActionMask = 2147483647;
			files = (
			);
			runOnlyForDeploymentPostprocessing = 0;
		};
/* End PBXFrameworksBuildPhase section */

/* Begin PBXGroup section */
		65B588B228164BE60059F040 = {
			isa = PBXGroup;
			children = (
				65B588BD28164BE60059F040 /* Swift220425 */,
				65B588D428164BE70059F040 /* Swift220425Tests */,
				65B588DE28164BE70059F040 /* Swift220425UITests */,
				65B588BC28164BE60059F040 /* Products */,
			);
			sourceTree = "<group>";
		};
		65B588BC28164BE60059F040 /* Products */ = {
			isa = PBXGroup;
			children = (
				65B588BB28164BE60059F040 /* Swift220425.app */,
				65B588D128164BE70059F040 /* Swift220425Tests.xctest */,
				65B588DB28164BE70059F040 /* Swift220425UITests.xctest */,
			);
			name = Products;
			sourceTree = "<group>";
		};
		65B588BD28164BE60059F040 /* Swift220425 */ = {
			isa = PBXGroup;
			children = (
				65B588BE28164BE60059F040 /* AppDelegate.swift */,
				65B588C028164BE60059F040 /* SceneDelegate.swift */,
				65B588C228164BE60059F040 /* ViewController.swift */,
				65B588C428164BE60059F040 /* Main.storyboard */,
				65B588C728164BE70059F040 /* Assets.xcassets */,
				65B588C928164BE70059F040 /* LaunchScreen.storyboard */,
				65B588CC28164BE70059F040 /* Info.plist */,
			);
			path = Swift220425;
			sourceTree = "<group>";
		};
		65B588D428164BE70059F040 /* Swift220425Tests */ = {
			isa = PBXGroup;
			children = (
				65B588D528164BE70059F040 /* Swift220425Tests.swift */,
			);
			path = Swift220425Tests;
			sourceTree = "<group>";
		};
		65B588DE28164BE70059F040 /* Swift220425UITests */ = {
			isa = PBXGroup;
			children = (
				65B588DF28164BE70059F040 /* Swift220425UITests.swift */,
				65B588E128164BE70059F040 /* Swift220425UITestsLaunchTests.swift */,
			);
			path = Swift220425UITests;
			sourceTree = "<group>";
		};
/* End PBXGroup section */

/* Begin PBXNativeTarget section */
		65B588BA28164BE60059F040 /* Swift220425 */ = {
			isa = PBXNativeTarget;
			buildConfigurationList = 65B588E528164BE70059F040 /* Build configuration list for PBXNativeTarget "Swift220425" */;
			buildPhases = (
				65B588B728164BE60059F040 /* Sources */,
				65B588B828164BE60059F040 /* Frameworks */,
				65B588B928164BE60059F040 /* Resources */,
			);
			buildRules = (
			);
			dependencies = (
			);
			name = Swift220425;
			productName = Swift220425;
			productReference = 65B588BB28164BE60059F040 /* Swift220425.app */;
			productType = "com.apple.product-type.application";
		};
		65B588D028164BE70059F040 /* Swift220425Tests */ = {
			isa = PBXNativeTarget;
			buildConfigurationList = 65B588E828164BE70059F040 /* Build configuration list for PBXNativeTarget "Swift220425Tests" */;
			buildPhases = (
				65B588CD28164BE70059F040 /* Sources */,
				65B588CE28164BE70059F040 /* Frameworks */,
				65B588CF28164BE70059F040 /* Resources */,
			);
			buildRules = (
			);
			dependencies = (
				65B588D328164BE70059F040 /* PBXTargetDependency */,
			);
			name = Swift220425Tests;
			productName = Swift220425Tests;
			productReference = 65B588D128164BE70059F040 /* Swift220425Tests.xctest */;
			productType = "com.apple.product-type.bundle.unit-test";
		};
		65B588DA28164BE70059F040 /* Swift220425UITests */ = {
			isa = PBXNativeTarget;
			buildConfigurationList = 65B588EB28164BE70059F040 /* Build configuration list for PBXNativeTarget "Swift220425UITests" */;
			buildPhases = (
				65B588D728164BE70059F040 /* Sources */,
				65B588D828164BE70059F040 /* Frameworks */,
				65B588D928164BE70059F040 /* Resources */,
			);
			buildRules = (
			);
			dependencies = (
				65B588DD28164BE70059F040 /* PBXTargetDependency */,
			);
			name = Swift220425UITests;
			productName = Swift220425UITests;
			productReference = 65B588DB28164BE70059F040 /* Swift220425UITests.xctest */;
			productType = "com.apple.product-type.bundle.ui-testing";
		};
/* End PBXNativeTarget section */

/* Begin PBXProject section */
		65B588B328164BE60059F040 /* Project object */ = {
			isa = PBXProject;
			attributes = {
				BuildIndependentTargetsInParallel = 1;
				LastSwiftUpdateCheck = 1330;
				LastUpgradeCheck = 1330;
				TargetAttributes = {
					65B588BA28164BE60059F040 = {
						CreatedOnToolsVersion = 13.3.1;
					};
					65B588D028164BE70059F040 = {
						CreatedOnToolsVersion = 13.3.1;
						TestTargetID = 65B588BA28164BE60059F040;
					};
					65B588DA28164BE70059F040 = {
						CreatedOnToolsVersion = 13.3.1;
						TestTargetID = 65B588BA28164BE60059F040;
					};
				};
			};
			buildConfigurationList = 65B588B628164BE60059F040 /* Build configuration list for PBXProject "Swift220425" */;
			compatibilityVersion = "Xcode 13.0";
			developmentRegion = en;
			hasScannedForEncodings = 0;
			knownRegions = (
				en,
				Base,
			);
			mainGroup = 65B588B228164BE60059F040;
			productRefGroup = 65B588BC28164BE60059F040 /* Products */;
			projectDirPath = "";
			projectRoot = "";
			targets = (
				65B588BA28164BE60059F040 /* Swift220425 */,
				65B588D028164BE70059F040 /* Swift220425Tests */,
				65B588DA28164BE70059F040 /* Swift220425UITests */,
			);
		};
/* End PBXProject section */

/* Begin PBXResourcesBuildPhase section */
		65B588B928164BE60059F040 /* Resources */ = {
			isa = PBXResourcesBuildPhase;
			buildActionMask = 2147483647;
			files = (
				65B588CB28164BE70059F040 /* LaunchScreen.storyboard in Resources */,
				65B588C828164BE70059F040 /* Assets.xcassets in Resources */,
				65B588C628164BE60059F040 /* Main.storyboard in Resources */,
			);
			runOnlyForDeploymentPostprocessing = 0;
		};
		65B588CF28164BE70059F040 /* Resources */ = {
			isa = PBXResourcesBuildPhase;
			buildActionMask = 2147483647;
			files = (
			);
			runOnlyForDeploymentPostprocessing = 0;
		};
		65B588D928164BE70059F040 /* Resources */ = {
			isa = PBXResourcesBuildPhase;
			buildActionMask = 2147483647;
			files = (
			);
			runOnlyForDeploymentPostprocessing = 0;
		};
/* End PBXResourcesBuildPhase section */

/* Begin PBXSourcesBuildPhase section */
		65B588B728164BE60059F040 /* Sources */ = {
			isa = PBXSourcesBuildPhase;
			buildActionMask = 2147483647;
			files = (
				65B588C328164BE60059F040 /* ViewController.swift in Sources */,
				65B588BF28164BE60059F040 /* AppDelegate.swift in Sources */,
				65B588C128164BE60059F040 /* SceneDelegate.swift in Sources */,
			);
			runOnlyForDeploymentPostprocessing = 0;
		};
		65B588CD28164BE70059F040 /* Sources */ = {
			isa = PBXSourcesBuildPhase;
			buildActionMask = 2147483647;
			files = (
				65B588D628164BE70059F040 /* Swift220425Tests.swift in Sources */,
			);
			runOnlyForDeploymentPostprocessing = 0;
		};
		65B588D728164BE70059F040 /* Sources */ = {
			isa = PBXSourcesBuildPhase;
			buildActionMask = 2147483647;
			files = (
				65B588E028164BE70059F040 /* Swift220425UITests.swift in Sources */,
				65B588E228164BE70059F040 /* Swift220425UITestsLaunchTests.swift in Sources */,
			);
			runOnlyForDeploymentPostprocessing = 0;
		};
/* End PBXSourcesBuildPhase section */

/* Begin PBXTargetDependency section */
		65B588D328164BE70059F040 /* PBXTargetDependency */ = {
			isa = PBXTargetDependency;
			target = 65B588BA28164BE60059F040 /* Swift220425 */;
			targetProxy = 65B588D228164BE70059F040 /* PBXContainerItemProxy */;
		};
		65B588DD28164BE70059F040 /* PBXTargetDependency */ = {
			isa = PBXTargetDependency;
			target = 65B588BA28164BE60059F040 /* Swift220425 */;
			targetProxy = 65B588DC28164BE70059F040 /* PBXContainerItemProxy */;
		};
/* End PBXTargetDependency section */

/* Begin PBXVariantGroup section */
		65B588C428164BE60059F040 /* Main.storyboard */ = {
			isa = PBXVariantGroup;
			children = (
				65B588C528164BE60059F040 /* Base */,
			);
			name = Main.storyboard;
			sourceTree = "<group>";
		};
		65B588C928164BE70059F040 /* LaunchScreen.storyboard */ = {
			isa = PBXVariantGroup;
			children = (
				65B588CA28164BE70059F040 /* Base */,
			);
			name = LaunchScreen.storyboard;
			sourceTree = "<group>";
		};
/* End PBXVariantGroup section */

/* Begin XCBuildConfiguration section */
		65B588E328164BE70059F040 /* Debug */ = {
			isa = XCBuildConfiguration;
			buildSettings = {
				ALWAYS_SEARCH_USER_PATHS = NO;
				CLANG_ANALYZER_NONNULL = YES;
				CLANG_ANALYZER_NUMBER_OBJECT_CONVERSION = YES_AGGRESSIVE;
				CLANG_CXX_LANGUAGE_STANDARD = "gnu++17";
				CLANG_ENABLE_MODULES = YES;
				CLANG_ENABLE_OBJC_ARC = YES;
				CLANG_ENABLE_OBJC_WEAK = YES;
				CLANG_WARN_BLOCK_CAPTURE_AUTORELEASING = YES;
				CLANG_WARN_BOOL_CONVERSION = YES;
				CLANG_WARN_COMMA = YES;
				CLANG_WARN_CONSTANT_CONVERSION = YES;
				CLANG_WARN_DEPRECATED_OBJC_IMPLEMENTATIONS = YES;
				CLANG_WARN_DIRECT_OBJC_ISA_USAGE = YES_ERROR;
				CLANG_WARN_DOCUMENTATION_COMMENTS = YES;
				CLANG_WARN_EMPTY_BODY = YES;
				CLANG_WARN_ENUM_CONVERSION = YES;
				CLANG_WARN_INFINITE_RECURSION = YES;
				CLANG_WARN_INT_CONVERSION = YES;
				CLANG_WARN_NON_LITERAL_NULL_CONVERSION = YES;
				CLANG_WARN_OBJC_IMPLICIT_RETAIN_SELF = YES;
				CLANG_WARN_OBJC_LITERAL_CONVERSION = YES;
				CLANG_WARN_OBJC_ROOT_CLASS = YES_ERROR;
				CLANG_WARN_QUOTED_INCLUDE_IN_FRAMEWORK_HEADER = YES;
				CLANG_WARN_RANGE_LOOP_ANALYSIS = YES;
				CLANG_WARN_STRICT_PROTOTYPES = YES;
				CLANG_WARN_SUSPICIOUS_MOVE = YES;
				CLANG_WARN_UNGUARDED_AVAILABILITY = YES_AGGRESSIVE;
				CLANG_WARN_UNREACHABLE_CODE = YES;
				CLANG_WARN__DUPLICATE_METHOD_MATCH = YES;
				COPY_PHASE_STRIP = NO;
				DEBUG_INFORMATION_FORMAT = dwarf;
				ENABLE_STRICT_OBJC_MSGSEND = YES;
				ENABLE_TESTABILITY = YES;
				GCC_C_LANGUAGE_STANDARD = gnu11;
				GCC_DYNAMIC_NO_PIC = NO;
				GCC_NO_COMMON_BLOCKS = YES;
				GCC_OPTIMIZATION_LEVEL = 0;
				GCC_PREPROCESSOR_DEFINITIONS = (
					"DEBUG=1",
					"$(inherited)",
				);
				GCC_WARN_64_TO_32_BIT_CONVERSION = YES;
				GCC_WARN_ABOUT_RETURN_TYPE = YES_ERROR;
				GCC_WARN_UNDECLARED_SELECTOR = YES;
				GCC_WARN_UNINITIALIZED_AUTOS = YES_AGGRESSIVE;
				GCC_WARN_UNUSED_FUNCTION = YES;
				GCC_WARN_UNUSED_VARIABLE = YES;
				IPHONEOS_DEPLOYMENT_TARGET = 15.4;
				MTL_ENABLE_DEBUG_INFO = INCLUDE_SOURCE;
				MTL_FAST_MATH = YES;
				ONLY_ACTIVE_ARCH = YES;
				SDKROOT = iphoneos;
				SWIFT_ACTIVE_COMPILATION_CONDITIONS = DEBUG;
				SWIFT_OPTIMIZATION_LEVEL = "-Onone";
			};
			name = Debug;
		};
		65B588E428164BE70059F040 /* Release */ = {
			isa = XCBuildConfiguration;
			buildSettings = {
				ALWAYS_SEARCH_USER_PATHS = NO;
				CLANG_ANALYZER_NONNULL = YES;
				CLANG_ANALYZER_NUMBER_OBJECT_CONVERSION = YES_AGGRESSIVE;
				CLANG_CXX_LANGUAGE_STANDARD = "gnu++17";
				CLANG_ENABLE_MODULES = YES;
				CLANG_ENABLE_OBJC_ARC = YES;
				CLANG_ENABLE_OBJC_WEAK = YES;
				CLANG_WARN_BLOCK_CAPTURE_AUTORELEASING = YES;
				CLANG_WARN_BOOL_CONVERSION = YES;
				CLANG_WARN_COMMA = YES;
				CLANG_WARN_CONSTANT_CONVERSION = YES;
				CLANG_WARN_DEPRECATED_OBJC_IMPLEMENTATIONS = YES;
				CLANG_WARN_DIRECT_OBJC_ISA_USAGE = YES_ERROR;
				CLANG_WARN_DOCUMENTATION_COMMENTS = YES;
				CLANG_WARN_EMPTY_BODY = YES;
				CLANG_WARN_ENUM_CONVERSION = YES;
				CLANG_WARN_INFINITE_RECURSION = YES;
				CLANG_WARN_INT_CONVERSION = YES;
				CLANG_WARN_NON_LITERAL_NULL_CONVERSION = YES;
				CLANG_WARN_OBJC_IMPLICIT_RETAIN_SELF = YES;
				CLANG_WARN_OBJC_LITERAL_CONVERSION = YES;
				CLANG_WARN_OBJC_ROOT_CLASS = YES_ERROR;
				CLANG_WARN_QUOTED_INCLUDE_IN_FRAMEWORK_HEADER = YES;
				CLANG_WARN_RANGE_LOOP_ANALYSIS = YES;
				CLANG_WARN_STRICT_PROTOTYPES = YES;
				CLANG_WARN_SUSPICIOUS_MOVE = YES;
				CLANG_WARN_UNGUARDED_AVAILABILITY = YES_AGGRESSIVE;
				CLANG_WARN_UNREACHABLE_CODE = YES;
				CLANG_WARN__DUPLICATE_METHOD_MATCH = YES;
				COPY_PHASE_STRIP = NO;
				DEBUG_INFORMATION_FORMAT = "dwarf-with-dsym";
				ENABLE_NS_ASSERTIONS = NO;
				ENABLE_STRICT_OBJC_MSGSEND = YES;
				GCC_C_LANGUAGE_STANDARD = gnu11;
				GCC_NO_COMMON_BLOCKS = YES;
				GCC_WARN_64_TO_32_BIT_CONVERSION = YES;
				GCC_WARN_ABOUT_RETURN_TYPE = YES_ERROR;
				GCC_WARN_UNDECLARED_SELECTOR = YES;
				GCC_WARN_UNINITIALIZED_AUTOS = YES_AGGRESSIVE;
				GCC_WARN_UNUSED_FUNCTION = YES;
				GCC_WARN_UNUSED_VARIABLE = YES;
				IPHONEOS_DEPLOYMENT_TARGET = 15.4;
				MTL_ENABLE_DEBUG_INFO = NO;
				MTL_FAST_MATH = YES;
				SDKROOT = iphoneos;
				SWIFT_COMPILATION_MODE = wholemodule;
				SWIFT_OPTIMIZATION_LEVEL = "-O";
				VALIDATE_PRODUCT = YES;
			};
			name = Release;
		};
		65B588E628164BE70059F040 /* Debug */ = {
			isa = XCBuildConfiguration;
			buildSettings = {
				ASSETCATALOG_COMPILER_APPICON_NAME = AppIcon;
				ASSETCATALOG_COMPILER_GLOBAL_ACCENT_COLOR_NAME = AccentColor;
				CODE_SIGN_STYLE = Automatic;
				CURRENT_PROJECT_VERSION = 1;
				GENERATE_INFOPLIST_FILE = YES;
				INFOPLIST_FILE = Swift220425/Info.plist;
				INFOPLIST_KEY_UIApplicationSupportsIndirectInputEvents = YES;
				INFOPLIST_KEY_UILaunchStoryboardName = LaunchScreen;
				INFOPLIST_KEY_UIMainStoryboardFile = Main;
				INFOPLIST_KEY_UISupportedInterfaceOrientations_iPad = "UIInterfaceOrientationPortrait UIInterfaceOrientationPortraitUpsideDown UIInterfaceOrientationLandscapeLeft UIInterfaceOrientationLandscapeRight";
				INFOPLIST_KEY_UISupportedInterfaceOrientations_iPhone = "UIInterfaceOrientationPortrait UIInterfaceOrientationLandscapeLeft UIInterfaceOrientationLandscapeRight";
				LD_RUNPATH_SEARCH_PATHS = (
					"$(inherited)",
					"@executable_path/Frameworks",
				);
				MARKETING_VERSION = 1.0;
				PRODUCT_BUNDLE_IDENTIFIER = com.isoftstone.kit.Swift220425;
				PRODUCT_NAME = "$(TARGET_NAME)";
				SWIFT_EMIT_LOC_STRINGS = YES;
				SWIFT_VERSION = 5.0;
				TARGETED_DEVICE_FAMILY = "1,2";
			};
			name = Debug;
		};
		65B588E728164BE70059F040 /* Release */ = {
			isa = XCBuildConfiguration;
			buildSettings = {
				ASSETCATALOG_COMPILER_APPICON_NAME = AppIcon;
				ASSETCATALOG_COMPILER_GLOBAL_ACCENT_COLOR_NAME = AccentColor;
				CODE_SIGN_STYLE = Automatic;
				CURRENT_PROJECT_VERSION = 1;
				GENERATE_INFOPLIST_FILE = YES;
				INFOPLIST_FILE = Swift220425/Info.plist;
				INFOPLIST_KEY_UIApplicationSupportsIndirectInputEvents = YES;
				INFOPLIST_KEY_UILaunchStoryboardName = LaunchScreen;
				INFOPLIST_KEY_UIMainStoryboardFile = Main;
				INFOPLIST_KEY_UISupportedInterfaceOrientations_iPad = "UIInterfaceOrientationPortrait UIInterfaceOrientationPortraitUpsideDown UIInterfaceOrientationLandscapeLeft UIInterfaceOrientationLandscapeRight";
				INFOPLIST_KEY_UISupportedInterfaceOrientations_iPhone = "UIInterfaceOrientationPortrait UIInterfaceOrientationLandscapeLeft UIInterfaceOrientationLandscapeRight";
				LD_RUNPATH_SEARCH_PATHS = (
					"$(inherited)",
					"@executable_path/Frameworks",
				);
				MARKETING_VERSION = 1.0;
				PRODUCT_BUNDLE_IDENTIFIER = com.isoftstone.kit.Swift220425;
				PRODUCT_NAME = "$(TARGET_NAME)";
				SWIFT_EMIT_LOC_STRINGS = YES;
				SWIFT_VERSION = 5.0;
				TARGETED_DEVICE_FAMILY = "1,2";
			};
			name = Release;
		};
		65B588E928164BE70059F040 /* Debug */ = {
			isa = XCBuildConfiguration;
			buildSettings = {
				ALWAYS_EMBED_SWIFT_STANDARD_LIBRARIES = YES;
				BUNDLE_LOADER = "$(TEST_HOST)";
				CODE_SIGN_STYLE = Automatic;
				CURRENT_PROJECT_VERSION = 1;
				GENERATE_INFOPLIST_FILE = YES;
				IPHONEOS_DEPLOYMENT_TARGET = 15.4;
				MARKETING_VERSION = 1.0;
				PRODUCT_BUNDLE_IDENTIFIER = com.isoftstone.kit.Swift220425Tests;
				PRODUCT_NAME = "$(TARGET_NAME)";
				SWIFT_EMIT_LOC_STRINGS = NO;
				SWIFT_VERSION = 5.0;
				TARGETED_DEVICE_FAMILY = "1,2";
				TEST_HOST = "$(BUILT_PRODUCTS_DIR)/Swift220425.app/Swift220425";
			};
			name = Debug;
		};
		65B588EA28164BE70059F040 /* Release */ = {
			isa = XCBuildConfiguration;
			buildSettings = {
				ALWAYS_EMBED_SWIFT_STANDARD_LIBRARIES = YES;
				BUNDLE_LOADER = "$(TEST_HOST)";
				CODE_SIGN_STYLE = Automatic;
				CURRENT_PROJECT_VERSION = 1;
				GENERATE_INFOPLIST_FILE = YES;
				IPHONEOS_DEPLOYMENT_TARGET = 15.4;
				MARKETING_VERSION = 1.0;
				PRODUCT_BUNDLE_IDENTIFIER = com.isoftstone.kit.Swift220425Tests;
				PRODUCT_NAME = "$(TARGET_NAME)";
				SWIFT_EMIT_LOC_STRINGS = NO;
				SWIFT_VERSION = 5.0;
				TARGETED_DEVICE_FAMILY = "1,2";
				TEST_HOST = "$(BUILT_PRODUCTS_DIR)/Swift220425.app/Swift220425";
			};
			name = Release;
		};
		65B588EC28164BE70059F040 /* Debug */ = {
			isa = XCBuildConfiguration;
			buildSettings = {
				ALWAYS_EMBED_SWIFT_STANDARD_LIBRARIES = YES;
				CODE_SIGN_STYLE = Automatic;
				CURRENT_PROJECT_VERSION = 1;
				GENERATE_INFOPLIST_FILE = YES;
				MARKETING_VERSION = 1.0;
				PRODUCT_BUNDLE_IDENTIFIER = com.isoftstone.kit.Swift220425UITests;
				PRODUCT_NAME = "$(TARGET_NAME)";
				SWIFT_EMIT_LOC_STRINGS = NO;
				SWIFT_VERSION = 5.0;
				TARGETED_DEVICE_FAMILY = "1,2";
				TEST_TARGET_NAME = Swift220425;
			};
			name = Debug;
		};
		65B588ED28164BE70059F040 /* Release */ = {
			isa = XCBuildConfiguration;
			buildSettings = {
				ALWAYS_EMBED_SWIFT_STANDARD_LIBRARIES = YES;
				CODE_SIGN_STYLE = Automatic;
				CURRENT_PROJECT_VERSION = 1;
				GENERATE_INFOPLIST_FILE = YES;
				MARKETING_VERSION = 1.0;
				PRODUCT_BUNDLE_IDENTIFIER = com.isoftstone.kit.Swift220425UITests;
				PRODUCT_NAME = "$(TARGET_NAME)";
				SWIFT_EMIT_LOC_STRINGS = NO;
				SWIFT_VERSION = 5.0;
				TARGETED_DEVICE_FAMILY = "1,2";
				TEST_TARGET_NAME = Swift220425;
			};
			name = Release;
		};
/* End XCBuildConfiguration section */

/* Begin XCConfigurationList section */
		65B588B628164BE60059F040 /* Build configuration list for PBXProject "Swift220425" */ = {
			isa = XCConfigurationList;
			buildConfigurations = (
				65B588E328164BE70059F040 /* Debug */,
				65B588E428164BE70059F040 /* Release */,
			);
			defaultConfigurationIsVisible = 0;
			defaultConfigurationName = Release;
		};
		65B588E528164BE70059F040 /* Build configuration list for PBXNativeTarget "Swift220425" */ = {
			isa = XCConfigurationList;
			buildConfigurations = (
				65B588E628164BE70059F040 /* Debug */,
				65B588E728164BE70059F040 /* Release */,
			);
			defaultConfigurationIsVisible = 0;
			defaultConfigurationName = Release;
		};
		65B588E828164BE70059F040 /* Build configuration list for PBXNativeTarget "Swift220425Tests" */ = {
			isa = XCConfigurationList;
			buildConfigurations = (
				65B588E928164BE70059F040 /* Debug */,
				65B588EA28164BE70059F040 /* Release */,
			);
			defaultConfigurationIsVisible = 0;
			defaultConfigurationName = Release;
		};
		65B588EB28164BE70059F040 /* Build configuration list for PBXNativeTarget "Swift220425UITests" */ = {
			isa = XCConfigurationList;
			buildConfigurations = (
				65B588EC28164BE70059F040 /* Debug */,
				65B588ED28164BE70059F040 /* Release */,
			);
			defaultConfigurationIsVisible = 0;
			defaultConfigurationName = Release;
		};
/* End XCConfigurationList section */
	};
	rootObject = 65B588B328164BE60059F040 /* Project object */;
}
